
Microsoft Visual Studio Solution File, Format Version 12.00
# Visual Studio Version 17
VisualStudioVersion = 17.0.31717.71
MinimumVisualStudioVersion = 10.0.40219.1
Project("{9A19103F-16F7-4668-BE54-9A1E7A4F7556}") = "Altinn.Dan.Plugin.Statensvegvesen", "src\Altinn.Dan.Plugin.Statensvegvesen\Altinn.Dan.Plugin.Statensvegvesen.csproj", "{EC1D3A58-C881-442C-8C4A-B1D2A2535F6B}"
EndProject
Project("{FAE04EC0-301F-11D3-BF4B-00C04F79EFBC}") = "Altinn.Dan.Plugin.Statensvegvesen.Test", "Altinn.Dan.Plugin.Statensvegvesen.Test\Altinn.Dan.Plugin.Statensvegvesen.Test.csproj", "{DA14A9DE-2323-42E0-A783-6D94DAD7B7DC}"
EndProject
Global
	GlobalSection(SolutionConfigurationPlatforms) = preSolution
		Debug|Any CPU = Debug|Any CPU
		Release|Any CPU = Release|Any CPU
	EndGlobalSection
	GlobalSection(ProjectConfigurationPlatforms) = postSolution
		{EC1D3A58-C881-442C-8C4A-B1D2A2535F6B}.Debug|Any CPU.ActiveCfg = Debug|Any CPU
		{EC1D3A58-C881-442C-8C4A-B1D2A2535F6B}.Debug|Any CPU.Build.0 = Debug|Any CPU
		{EC1D3A58-C881-442C-8C4A-B1D2A2535F6B}.Release|Any CPU.ActiveCfg = Release|Any CPU
		{EC1D3A58-C881-442C-8C4A-B1D2A2535F6B}.Release|Any CPU.Build.0 = Release|Any CPU
		{DA14A9DE-2323-42E0-A783-6D94DAD7B7DC}.Debug|Any CPU.ActiveCfg = Debug|Any CPU
		{DA14A9DE-2323-42E0-A783-6D94DAD7B7DC}.Debug|Any CPU.Build.0 = Debug|Any CPU
		{DA14A9DE-2323-42E0-A783-6D94DAD7B7DC}.Release|Any CPU.ActiveCfg = Release|Any CPU
		{DA14A9DE-2323-42E0-A783-6D94DAD7B7DC}.Release|Any CPU.Build.0 = Release|Any CPU
	EndGlobalSection
	GlobalSection(SolutionProperties) = preSolution
		HideSolutionNode = FALSE
	EndGlobalSection
	GlobalSection(ExtensibilityGlobals) = postSolution
		SolutionGuid = {9C136489-16DA-43F4-A16A-9038157D6FDF}
	EndGlobalSection
EndGlobal
